
Microsoft Visual Studio Solution File, Format Version 12.00
# Visual Studio Version 16
VisualStudioVersion = 16.0.32413.511
MinimumVisualStudioVersion = 10.0.40219.1
Project("{FAE04EC0-301F-11D3-BF4B-00C04F79EFBC}") = "FewTags", "FewTags\FewTags.csproj", "{F30C37B8-DE98-43D8-8EC9-67C84948E417}"
EndProject
Global
	GlobalSection(SolutionConfigurationPlatforms) = preSolution
		Debug|Any CPU = Debug|Any CPU
		Release|Any CPU = Release|Any CPU
	EndGlobalSection
	GlobalSection(ProjectConfigurationPlatforms) = postSolution
		{F30C37B8-DE98-43D8-8EC9-67C84948E417}.Debug|Any CPU.ActiveCfg = Debug|Any CPU
		{F30C37B8-DE98-43D8-8EC9-67C84948E417}.Debug|Any CPU.Build.0 = Debug|Any CPU
		{F30C37B8-DE98-43D8-8EC9-67C84948E417}.Release|Any CPU.ActiveCfg = Release|Any CPU
		{F30C37B8-DE98-43D8-8EC9-67C84948E417}.Release|Any CPU.Build.0 = Release|Any CPU
	EndGlobalSection
	GlobalSection(SolutionProperties) = preSolution
		HideSolutionNode = FALSE
	EndGlobalSection
	GlobalSection(ExtensibilityGlobals) = postSolution
		SolutionGuid = {A732DC6C-0EA6-4033-9AA0-0E4C80357D0F}
	EndGlobalSection
EndGlobal
